
Microsoft Visual Studio Solution File, Format Version 12.00
# Visual Studio Version 17
VisualStudioVersion = 17.5.002.0
MinimumVisualStudioVersion = 10.0.40219.1
Project("{2150E333-8FDC-42A3-9474-1A3956D46DE8}") = "backend", "backend", "{A64037A7-D09A-4022-9CB6-3923EB16DA22}"
EndProject
Project("{9A19103F-16F7-4668-BE54-9A1E7A4F7556}") = "api", "backend\api\api.csproj", "{9C0A5E31-1E21-4A0D-B8BF-6591A12E5B6B}"
EndProject
Global
	GlobalSection(SolutionConfigurationPlatforms) = preSolution
		Debug|Any CPU = Debug|Any CPU
		Release|Any CPU = Release|Any CPU
	EndGlobalSection
	GlobalSection(ProjectConfigurationPlatforms) = postSolution
		{9C0A5E31-1E21-4A0D-B8BF-6591A12E5B6B}.Debug|Any CPU.ActiveCfg = Debug|Any CPU
		{9C0A5E31-1E21-4A0D-B8BF-6591A12E5B6B}.Debug|Any CPU.Build.0 = Debug|Any CPU
		{9C0A5E31-1E21-4A0D-B8BF-6591A12E5B6B}.Release|Any CPU.ActiveCfg = Release|Any CPU
		{9C0A5E31-1E21-4A0D-B8BF-6591A12E5B6B}.Release|Any CPU.Build.0 = Release|Any CPU
	EndGlobalSection
	GlobalSection(SolutionProperties) = preSolution
		HideSolutionNode = FALSE
	EndGlobalSection
	GlobalSection(NestedProjects) = preSolution
		{9C0A5E31-1E21-4A0D-B8BF-6591A12E5B6B} = {A64037A7-D09A-4022-9CB6-3923EB16DA22}
	EndGlobalSection
	GlobalSection(ExtensibilityGlobals) = postSolution
		SolutionGuid = {45A2B536-1990-4486-BC35-6C093D885E60}
	EndGlobalSection
EndGlobal
